{
  "name": "pharos",
  "lockfileVersion": 3,
  "requires": true,
  "packages": {
    "": {
      "name": "pharos",
      "workspaces": [
        "packages/*"
      ],
      "devDependencies": {
        "typescript": "^6.0.2"
      }
    },
    "apps/backend": {
      "name": "pharos-backend",
      "version": "1.0.0",
      "extraneous": true,
      "license": "ISC",
      "dependencies": {
        "@dotenvx/dotenvx": "^1.60.0",
        "@packages/enum": "1.0.0",
        "@packages/types": "1.0.0",
        "@packages/utils": "1.0.0",
        "@turf/turf": "^7.3.4",
        "cors": "^2.8.6",
        "express": "^5.2.1",
        "h3-js": "^4.4.0",
        "parquetjs": "^0.11.2"
      },
      "devDependencies": {
        "@eslint/js": "^10.0.1",
        "@types/express": "^5.0.6",
        "@types/jest": "^30.0.0",
        "@types/node": "^25.5.2",
        "@types/parquetjs": "^0.10.6",
        "@typescript-eslint/eslint-plugin": "^8.58.0",
        "@typescript-eslint/parser": "^8.58.0",
        "eslint": "^10.2.0",
        "eslint-config-prettier": "^10.1.8",
        "jest": "^30.3.0",
        "prettier": "^3.8.1",
        "ts-jest": "^29.4.9",
        "ts-node": "^10.9.2",
        "typescript": "^5.9.2"
      }
    },
    "apps/frontend": {
      "name": "pharos-frontend",
      "version": "1.0.0",
      "extraneous": true,
      "license": "ISC",
      "dependencies": {
        "@packages/enum": "1.0.0",
        "@packages/types": "1.0.0",
        "@packages/utils": "1.0.0",
        "@turf/turf": "^7.3.4",
        "h3-js": "^4.4.0",
        "maplibre-gl": "^5.17.0",
        "parquetjs": "^0.11.2",
        "react": "^19.2.4",
        "react-dom": "^19.2.4",
        "zustand": "^5.0.11"
      },
      "devDependencies": {
        "@eslint/js": "^9.39.2",
        "@types/jest": "^30.0.0",
        "@types/node": "^25.2.0",
        "@types/parquetjs": "^0.10.6",
        "@types/react": "^19.2.13",
        "@types/react-dom": "^19.2.3",
        "@vitejs/plugin-react": "^5.1.3",
        "eslint": "^9.39.2",
        "eslint-config-prettier": "^10.1.8",
        "jest": "^30.2.0",
        "jest-environment-jsdom": "^30.2.0",
        "playwright": "^1.58.1",
        "prettier": "^3.8.1",
        "sass": "^1.97.3",
        "ts-jest": "^29.4.6",
        "ts-node": "^10.9.2",
        "typescript": "^5.9.3",
        "typescript-eslint": "^8.54.0",
        "vite": "^7.3.1"
      }
    },
    "node_modules/@packages/enum": {
      "resolved": "packages/enum",
      "link": true
    },
    "node_modules/@packages/types": {
      "resolved": "packages/types",
      "link": true
    },
    "node_modules/@packages/utils": {
      "resolved": "packages/utils",
      "link": true
    },
    "node_modules/typescript": {
      "version": "6.0.2",
      "resolved": "https://registry.npmjs.org/typescript/-/typescript-6.0.2.tgz",
      "integrity": "sha512-bGdAIrZ0wiGDo5l8c++HWtbaNCWTS4UTv7RaTH/ThVIgjkveJt83m74bBHMJkuCbslY8ixgLBVZJIOiQlQTjfQ==",
      "dev": true,
      "license": "Apache-2.0",
      "bin": {
        "tsc": "bin/tsc",
        "tsserver": "bin/tsserver"
      },
      "engines": {
        "node": ">=14.17"
      }
    },
    "packages/enum": {
      "name": "@packages/enum",
      "version": "1.0.0"
    },
    "packages/types": {
      "name": "@packages/types",
      "version": "1.0.0"
    },
    "packages/utils": {
      "name": "@packages/utils",
      "version": "1.0.0"
    }
  }
}
